
Microsoft Visual Studio Solution File, Format Version 12.00
# Visual Studio 14
VisualStudioVersion = 14.0.25420.1
MinimumVisualStudioVersion = 10.0.40219.1
Project("{FAE04EC0-301F-11D3-BF4B-00C04F79EFBC}") = "excavator", "excavator\excavator.csproj", "{465D5808-28EF-4F36-99B3-6B4A71BD024C}"
EndProject
Project("{FAE04EC0-301F-11D3-BF4B-00C04F79EFBC}") = "excavator.coreEngine", "excavator.coreEngine\excavator.coreEngine.csproj", "{AF01CEED-AED8-493D-AD21-F8E1E0CF8873}"
EndProject
Global
	GlobalSection(SolutionConfigurationPlatforms) = preSolution
		Debug|Any CPU = Debug|Any CPU
		Release|Any CPU = Release|Any CPU
	EndGlobalSection
	GlobalSection(ProjectConfigurationPlatforms) = postSolution
		{465D5808-28EF-4F36-99B3-6B4A71BD024C}.Debug|Any CPU.ActiveCfg = Debug|Any CPU
		{465D5808-28EF-4F36-99B3-6B4A71BD024C}.Debug|Any CPU.Build.0 = Debug|Any CPU
		{465D5808-28EF-4F36-99B3-6B4A71BD024C}.Release|Any CPU.ActiveCfg = Release|Any CPU
		{465D5808-28EF-4F36-99B3-6B4A71BD024C}.Release|Any CPU.Build.0 = Release|Any CPU
		{AF01CEED-AED8-493D-AD21-F8E1E0CF8873}.Debug|Any CPU.ActiveCfg = Debug|Any CPU
		{AF01CEED-AED8-493D-AD21-F8E1E0CF8873}.Debug|Any CPU.Build.0 = Debug|Any CPU
		{AF01CEED-AED8-493D-AD21-F8E1E0CF8873}.Release|Any CPU.ActiveCfg = Release|Any CPU
		{AF01CEED-AED8-493D-AD21-F8E1E0CF8873}.Release|Any CPU.Build.0 = Release|Any CPU
	EndGlobalSection
	GlobalSection(SolutionProperties) = preSolution
		HideSolutionNode = FALSE
	EndGlobalSection
EndGlobal
